{
    "hash": "c8afced47d92670139bbdc4a172ebf76",
    "packages": [
        {
            "package": "pimple/pimple",
            "version": "dev-master",
            "alias-pretty-version": "1.0.x-dev",
            "alias-version": "1.0.9999999.9999999-dev"
        },
        {
            "package": "pimple/pimple",
            "version": "dev-master",
            "source-reference": "86cae5c9e85cd02f1703c774ddf12f2448a5938c",
            "commit-date": "1340285678"
        },
        {
            "package": "silex/silex",
            "version": "dev-master",
            "alias-pretty-version": "1.0.x-dev",
            "alias-version": "1.0.9999999.9999999-dev"
        },
        {
            "package": "silex/silex",
            "version": "dev-master",
            "source-reference": "4b6c46eeb658673d4fcdd62faa6cf3b98cd53087",
            "commit-date": "1340952324"
        },
        {
            "package": "symfony/event-dispatcher",
            "version": "dev-master",
            "alias-pretty-version": "2.1.x-dev",
            "alias-version": "2.1.9999999.9999999-dev"
        },
        {
            "package": "symfony/event-dispatcher",
            "version": "dev-master",
            "source-reference": "v2.1.0-BETA1",
            "commit-date": "1338018513"
        },
        {
            "package": "symfony/http-foundation",
            "version": "dev-master",
            "alias-pretty-version": "2.1.x-dev",
            "alias-version": "2.1.9999999.9999999-dev"
        },
        {
            "package": "symfony/http-foundation",
            "version": "dev-master",
            "source-reference": "e14cccb290443379bfd14f7c48901e07d076013e",
            "commit-date": "1340922909"
        },
        {
            "package": "symfony/http-kernel",
            "version": "dev-master",
            "alias-pretty-version": "2.1.x-dev",
            "alias-version": "2.1.9999999.9999999-dev"
        },
        {
            "package": "symfony/http-kernel",
            "version": "dev-master",
            "source-reference": "6d69fa82c21aa752e7d6aa7c35b70923fd55f450",
            "commit-date": "1340951462"
        },
        {
            "package": "symfony/routing",
            "version": "dev-master",
            "alias-pretty-version": "2.1.x-dev",
            "alias-version": "2.1.9999999.9999999-dev"
        },
        {
            "package": "symfony/routing",
            "version": "dev-master",
            "source-reference": "ed1a7d9118dd1ee332b485f19b920a9e0077022a",
            "commit-date": "1340625003"
        }
    ],
    "packages-dev": null,
    "aliases": [

    ],
    "minimum-stability": "dev",
    "stability-flags": [

    ]
}
